{
  "name": "@retailmenot/core-ui-eslintrc",
  "version": "6.0.0",
  "lockfileVersion": 1,
  "requires": true,
  "dependencies": {
    "@retailmenot/core-ui-editorconfig": {
      "version": "1.0.2",
      "resolved": "https://registry.npmjs.org/@retailmenot/core-ui-editorconfig/-/core-ui-editorconfig-1.0.2.tgz",
      "integrity": "sha1-ecnzQYkxoyltu3Qu7VpWCCA92f4=",
      "dev": true
    }
  }
}
